
Microsoft Visual Studio Solution File, Format Version 12.00
# Visual Studio Version 17
VisualStudioVersion = 17.0.31808.319
MinimumVisualStudioVersion = 10.0.40219.1
Project("{FAE04EC0-301F-11D3-BF4B-00C04F79EFBC}") = "AuthTest", "AuthTest\AuthTest.csproj", "{6706FB42-4345-4104-A02C-DC77F71CEE2C}"
EndProject
Global
	GlobalSection(SolutionConfigurationPlatforms) = preSolution
		Debug|Any CPU = Debug|Any CPU
		Release|Any CPU = Release|Any CPU
	EndGlobalSection
	GlobalSection(ProjectConfigurationPlatforms) = postSolution
		{6706FB42-4345-4104-A02C-DC77F71CEE2C}.Debug|Any CPU.ActiveCfg = Debug|Any CPU
		{6706FB42-4345-4104-A02C-DC77F71CEE2C}.Debug|Any CPU.Build.0 = Debug|Any CPU
		{6706FB42-4345-4104-A02C-DC77F71CEE2C}.Release|Any CPU.ActiveCfg = Release|Any CPU
		{6706FB42-4345-4104-A02C-DC77F71CEE2C}.Release|Any CPU.Build.0 = Release|Any CPU
	EndGlobalSection
	GlobalSection(SolutionProperties) = preSolution
		HideSolutionNode = FALSE
	EndGlobalSection
	GlobalSection(ExtensibilityGlobals) = postSolution
		SolutionGuid = {6B8079FA-4A8C-4E11-B767-F8A627A56B11}
	EndGlobalSection
EndGlobal
